Microsoft Visual Studio Solution File, Format Version 12.00
# Visual Studio Express 2012 for Windows Desktop
Project("{8BC9CEB8-8B4A-11D0-8D11-00A0C91BC942}") = "ALL_BUILD", "ALL_BUILD.vcxproj", "{8A293CCB-F7DF-4D4F-A0E6-0717A32AA046}"
	ProjectSection(ProjectDependencies) = postProject
		{1441442B-505B-41A6-9DC8-874AD0EECA86} = {1441442B-505B-41A6-9DC8-874AD0EECA86}
		{1472A18F-2ADF-48E3-85FB-1108C80BE24D} = {1472A18F-2ADF-48E3-85FB-1108C80BE24D}
		{4111ADCC-DD02-467F-BD66-D9793E776572} = {4111ADCC-DD02-467F-BD66-D9793E776572}
		{9AC88592-34C9-42EF-B58E-618F07E68649} = {9AC88592-34C9-42EF-B58E-618F07E68649}
		{0611278F-6B7A-45A1-A606-C3264494BFB2} = {0611278F-6B7A-45A1-A606-C3264494BFB2}
		{5D5741B1-4D7F-4010-A69D-C1BEAEB6DC3D} = {5D5741B1-4D7F-4010-A69D-C1BEAEB6DC3D}
		{8D55FF44-36DE-4FEC-B298-ED7982917A99} = {8D55FF44-36DE-4FEC-B298-ED7982917A99}
		{1149C2DF-175A-4FC5-9FEE-80E159D45706} = {1149C2DF-175A-4FC5-9FEE-80E159D45706}
	EndProjectSection
EndProject
Project("{8BC9CEB8-8B4A-11D0-8D11-00A0C91BC942}") = "INSTALL", "INSTALL.vcxproj", "{5056A9D3-C9B7-4A47-9CF4-2409B6788A9D}"
	ProjectSection(ProjectDependencies) = postProject
		{8A293CCB-F7DF-4D4F-A0E6-0717A32AA046} = {8A293CCB-F7DF-4D4F-A0E6-0717A32AA046}
	EndProjectSection
EndProject
Project("{8BC9CEB8-8B4A-11D0-8D11-00A0C91BC942}") = "PACKAGE", "PACKAGE.vcxproj", "{8B6F6023-D948-4BBE-A267-A270811BD0D8}"
	ProjectSection(ProjectDependencies) = postProject
		{8A293CCB-F7DF-4D4F-A0E6-0717A32AA046} = {8A293CCB-F7DF-4D4F-A0E6-0717A32AA046}
	EndProjectSection
EndProject
Project("{8BC9CEB8-8B4A-11D0-8D11-00A0C91BC942}") = "RADOMEWebSocket", "RADOMEWebSocket.vcxproj", "{1441442B-505B-41A6-9DC8-874AD0EECA86}"
	ProjectSection(ProjectDependencies) = postProject
		{1472A18F-2ADF-48E3-85FB-1108C80BE24D} = {1472A18F-2ADF-48E3-85FB-1108C80BE24D}
		{4111ADCC-DD02-467F-BD66-D9793E776572} = {4111ADCC-DD02-467F-BD66-D9793E776572}
		{9AC88592-34C9-42EF-B58E-618F07E68649} = {9AC88592-34C9-42EF-B58E-618F07E68649}
		{8D55FF44-36DE-4FEC-B298-ED7982917A99} = {8D55FF44-36DE-4FEC-B298-ED7982917A99}
	EndProjectSection
EndProject
Project("{8BC9CEB8-8B4A-11D0-8D11-00A0C91BC942}") = "ZERO_CHECK", "ZERO_CHECK.vcxproj", "{1472A18F-2ADF-48E3-85FB-1108C80BE24D}"
	ProjectSection(ProjectDependencies) = postProject
	EndProjectSection
EndProject
Project("{8BC9CEB8-8B4A-11D0-8D11-00A0C91BC942}") = "ZLIB", "ZLIB.vcxproj", "{4111ADCC-DD02-467F-BD66-D9793E776572}"
	ProjectSection(ProjectDependencies) = postProject
		{1472A18F-2ADF-48E3-85FB-1108C80BE24D} = {1472A18F-2ADF-48E3-85FB-1108C80BE24D}
	EndProjectSection
EndProject
Project("{8BC9CEB8-8B4A-11D0-8D11-00A0C91BC942}") = "dist", "dist.vcxproj", "{72E4AAA4-067A-4A81-8418-88E6BC27D443}"
	ProjectSection(ProjectDependencies) = postProject
		{1472A18F-2ADF-48E3-85FB-1108C80BE24D} = {1472A18F-2ADF-48E3-85FB-1108C80BE24D}
	EndProjectSection
EndProject
Project("{8BC9CEB8-8B4A-11D0-8D11-00A0C91BC942}") = "json-c", "json-c.vcxproj", "{9AC88592-34C9-42EF-B58E-618F07E68649}"
	ProjectSection(ProjectDependencies) = postProject
		{1472A18F-2ADF-48E3-85FB-1108C80BE24D} = {1472A18F-2ADF-48E3-85FB-1108C80BE24D}
	EndProjectSection
EndProject
Project("{8BC9CEB8-8B4A-11D0-8D11-00A0C91BC942}") = "test-client", "test-client.vcxproj", "{0611278F-6B7A-45A1-A606-C3264494BFB2}"
	ProjectSection(ProjectDependencies) = postProject
		{1472A18F-2ADF-48E3-85FB-1108C80BE24D} = {1472A18F-2ADF-48E3-85FB-1108C80BE24D}
		{8D55FF44-36DE-4FEC-B298-ED7982917A99} = {8D55FF44-36DE-4FEC-B298-ED7982917A99}
	EndProjectSection
EndProject
Project("{8BC9CEB8-8B4A-11D0-8D11-00A0C91BC942}") = "test-echo", "test-echo.vcxproj", "{5D5741B1-4D7F-4010-A69D-C1BEAEB6DC3D}"
	ProjectSection(ProjectDependencies) = postProject
		{1472A18F-2ADF-48E3-85FB-1108C80BE24D} = {1472A18F-2ADF-48E3-85FB-1108C80BE24D}
		{8D55FF44-36DE-4FEC-B298-ED7982917A99} = {8D55FF44-36DE-4FEC-B298-ED7982917A99}
	EndProjectSection
EndProject
Project("{8BC9CEB8-8B4A-11D0-8D11-00A0C91BC942}") = "websockets", "websockets.vcxproj", "{8D55FF44-36DE-4FEC-B298-ED7982917A99}"
	ProjectSection(ProjectDependencies) = postProject
		{1472A18F-2ADF-48E3-85FB-1108C80BE24D} = {1472A18F-2ADF-48E3-85FB-1108C80BE24D}
		{4111ADCC-DD02-467F-BD66-D9793E776572} = {4111ADCC-DD02-467F-BD66-D9793E776572}
	EndProjectSection
EndProject
Project("{8BC9CEB8-8B4A-11D0-8D11-00A0C91BC942}") = "websockets_shared", "websockets_shared.vcxproj", "{1149C2DF-175A-4FC5-9FEE-80E159D45706}"
	ProjectSection(ProjectDependencies) = postProject
		{1472A18F-2ADF-48E3-85FB-1108C80BE24D} = {1472A18F-2ADF-48E3-85FB-1108C80BE24D}
		{4111ADCC-DD02-467F-BD66-D9793E776572} = {4111ADCC-DD02-467F-BD66-D9793E776572}
	EndProjectSection
EndProject
Global
	GlobalSection(SolutionConfigurationPlatforms) = preSolution
		Debug|Win32 = Debug|Win32
		Release|Win32 = Release|Win32
		MinSizeRel|Win32 = MinSizeRel|Win32
		RelWithDebInfo|Win32 = RelWithDebInfo|Win32
	EndGlobalSection
	GlobalSection(ProjectConfigurationPlatforms) = postSolution
		{8A293CCB-F7DF-4D4F-A0E6-0717A32AA046}.Debug|Win32.ActiveCfg = Debug|Win32
		{8A293CCB-F7DF-4D4F-A0E6-0717A32AA046}.Debug|Win32.Build.0 = Debug|Win32
		{8A293CCB-F7DF-4D4F-A0E6-0717A32AA046}.Release|Win32.ActiveCfg = Release|Win32
		{8A293CCB-F7DF-4D4F-A0E6-0717A32AA046}.Release|Win32.Build.0 = Release|Win32
		{8A293CCB-F7DF-4D4F-A0E6-0717A32AA046}.MinSizeRel|Win32.ActiveCfg = MinSizeRel|Win32
		{8A293CCB-F7DF-4D4F-A0E6-0717A32AA046}.MinSizeRel|Win32.Build.0 = MinSizeRel|Win32
		{8A293CCB-F7DF-4D4F-A0E6-0717A32AA046}.RelWithDebInfo|Win32.ActiveCfg = RelWithDebInfo|Win32
		{8A293CCB-F7DF-4D4F-A0E6-0717A32AA046}.RelWithDebInfo|Win32.Build.0 = RelWithDebInfo|Win32
		{5056A9D3-C9B7-4A47-9CF4-2409B6788A9D}.Debug|Win32.ActiveCfg = Debug|Win32
		{5056A9D3-C9B7-4A47-9CF4-2409B6788A9D}.Release|Win32.ActiveCfg = Release|Win32
		{5056A9D3-C9B7-4A47-9CF4-2409B6788A9D}.MinSizeRel|Win32.ActiveCfg = MinSizeRel|Win32
		{5056A9D3-C9B7-4A47-9CF4-2409B6788A9D}.RelWithDebInfo|Win32.ActiveCfg = RelWithDebInfo|Win32
		{8B6F6023-D948-4BBE-A267-A270811BD0D8}.Debug|Win32.ActiveCfg = Debug|Win32
		{8B6F6023-D948-4BBE-A267-A270811BD0D8}.Release|Win32.ActiveCfg = Release|Win32
		{8B6F6023-D948-4BBE-A267-A270811BD0D8}.MinSizeRel|Win32.ActiveCfg = MinSizeRel|Win32
		{8B6F6023-D948-4BBE-A267-A270811BD0D8}.RelWithDebInfo|Win32.ActiveCfg = RelWithDebInfo|Win32
		{1441442B-505B-41A6-9DC8-874AD0EECA86}.Debug|Win32.ActiveCfg = Debug|Win32
		{1441442B-505B-41A6-9DC8-874AD0EECA86}.Debug|Win32.Build.0 = Debug|Win32
		{1441442B-505B-41A6-9DC8-874AD0EECA86}.Release|Win32.ActiveCfg = Release|Win32
		{1441442B-505B-41A6-9DC8-874AD0EECA86}.Release|Win32.Build.0 = Release|Win32
		{1441442B-505B-41A6-9DC8-874AD0EECA86}.MinSizeRel|Win32.ActiveCfg = MinSizeRel|Win32
		{1441442B-505B-41A6-9DC8-874AD0EECA86}.MinSizeRel|Win32.Build.0 = MinSizeRel|Win32
		{1441442B-505B-41A6-9DC8-874AD0EECA86}.RelWithDebInfo|Win32.ActiveCfg = RelWithDebInfo|Win32
		{1441442B-505B-41A6-9DC8-874AD0EECA86}.RelWithDebInfo|Win32.Build.0 = RelWithDebInfo|Win32
		{1472A18F-2ADF-48E3-85FB-1108C80BE24D}.Debug|Win32.ActiveCfg = Debug|Win32
		{1472A18F-2ADF-48E3-85FB-1108C80BE24D}.Debug|Win32.Build.0 = Debug|Win32
		{1472A18F-2ADF-48E3-85FB-1108C80BE24D}.Release|Win32.ActiveCfg = Release|Win32
		{1472A18F-2ADF-48E3-85FB-1108C80BE24D}.Release|Win32.Build.0 = Release|Win32
		{1472A18F-2ADF-48E3-85FB-1108C80BE24D}.MinSizeRel|Win32.ActiveCfg = MinSizeRel|Win32
		{1472A18F-2ADF-48E3-85FB-1108C80BE24D}.MinSizeRel|Win32.Build.0 = MinSizeRel|Win32
		{1472A18F-2ADF-48E3-85FB-1108C80BE24D}.RelWithDebInfo|Win32.ActiveCfg = RelWithDebInfo|Win32
		{1472A18F-2ADF-48E3-85FB-1108C80BE24D}.RelWithDebInfo|Win32.Build.0 = RelWithDebInfo|Win32
		{4111ADCC-DD02-467F-BD66-D9793E776572}.Debug|Win32.ActiveCfg = Debug|Win32
		{4111ADCC-DD02-467F-BD66-D9793E776572}.Debug|Win32.Build.0 = Debug|Win32
		{4111ADCC-DD02-467F-BD66-D9793E776572}.Release|Win32.ActiveCfg = Release|Win32
		{4111ADCC-DD02-467F-BD66-D9793E776572}.Release|Win32.Build.0 = Release|Win32
		{4111ADCC-DD02-467F-BD66-D9793E776572}.MinSizeRel|Win32.ActiveCfg = MinSizeRel|Win32
		{4111ADCC-DD02-467F-BD66-D9793E776572}.MinSizeRel|Win32.Build.0 = MinSizeRel|Win32
		{4111ADCC-DD02-467F-BD66-D9793E776572}.RelWithDebInfo|Win32.ActiveCfg = RelWithDebInfo|Win32
		{4111ADCC-DD02-467F-BD66-D9793E776572}.RelWithDebInfo|Win32.Build.0 = RelWithDebInfo|Win32
		{72E4AAA4-067A-4A81-8418-88E6BC27D443}.Debug|Win32.ActiveCfg = Debug|Win32
		{72E4AAA4-067A-4A81-8418-88E6BC27D443}.Release|Win32.ActiveCfg = Release|Win32
		{72E4AAA4-067A-4A81-8418-88E6BC27D443}.MinSizeRel|Win32.ActiveCfg = MinSizeRel|Win32
		{72E4AAA4-067A-4A81-8418-88E6BC27D443}.RelWithDebInfo|Win32.ActiveCfg = RelWithDebInfo|Win32
		{9AC88592-34C9-42EF-B58E-618F07E68649}.Debug|Win32.ActiveCfg = Debug|Win32
		{9AC88592-34C9-42EF-B58E-618F07E68649}.Debug|Win32.Build.0 = Debug|Win32
		{9AC88592-34C9-42EF-B58E-618F07E68649}.Release|Win32.ActiveCfg = Release|Win32
		{9AC88592-34C9-42EF-B58E-618F07E68649}.Release|Win32.Build.0 = Release|Win32
		{9AC88592-34C9-42EF-B58E-618F07E68649}.MinSizeRel|Win32.ActiveCfg = MinSizeRel|Win32
		{9AC88592-34C9-42EF-B58E-618F07E68649}.MinSizeRel|Win32.Build.0 = MinSizeRel|Win32
		{9AC88592-34C9-42EF-B58E-618F07E68649}.RelWithDebInfo|Win32.ActiveCfg = RelWithDebInfo|Win32
		{9AC88592-34C9-42EF-B58E-618F07E68649}.RelWithDebInfo|Win32.Build.0 = RelWithDebInfo|Win32
		{0611278F-6B7A-45A1-A606-C3264494BFB2}.Debug|Win32.ActiveCfg = Debug|Win32
		{0611278F-6B7A-45A1-A606-C3264494BFB2}.Debug|Win32.Build.0 = Debug|Win32
		{0611278F-6B7A-45A1-A606-C3264494BFB2}.Release|Win32.ActiveCfg = Release|Win32
		{0611278F-6B7A-45A1-A606-C3264494BFB2}.Release|Win32.Build.0 = Release|Win32
		{0611278F-6B7A-45A1-A606-C3264494BFB2}.MinSizeRel|Win32.ActiveCfg = MinSizeRel|Win32
		{0611278F-6B7A-45A1-A606-C3264494BFB2}.MinSizeRel|Win32.Build.0 = MinSizeRel|Win32
		{0611278F-6B7A-45A1-A606-C3264494BFB2}.RelWithDebInfo|Win32.ActiveCfg = RelWithDebInfo|Win32
		{0611278F-6B7A-45A1-A606-C3264494BFB2}.RelWithDebInfo|Win32.Build.0 = RelWithDebInfo|Win32
		{5D5741B1-4D7F-4010-A69D-C1BEAEB6DC3D}.Debug|Win32.ActiveCfg = Debug|Win32
		{5D5741B1-4D7F-4010-A69D-C1BEAEB6DC3D}.Debug|Win32.Build.0 = Debug|Win32
		{5D5741B1-4D7F-4010-A69D-C1BEAEB6DC3D}.Release|Win32.ActiveCfg = Release|Win32
		{5D5741B1-4D7F-4010-A69D-C1BEAEB6DC3D}.Release|Win32.Build.0 = Release|Win32
		{5D5741B1-4D7F-4010-A69D-C1BEAEB6DC3D}.MinSizeRel|Win32.ActiveCfg = MinSizeRel|Win32
		{5D5741B1-4D7F-4010-A69D-C1BEAEB6DC3D}.MinSizeRel|Win32.Build.0 = MinSizeRel|Win32
		{5D5741B1-4D7F-4010-A69D-C1BEAEB6DC3D}.RelWithDebInfo|Win32.ActiveCfg = RelWithDebInfo|Win32
		{5D5741B1-4D7F-4010-A69D-C1BEAEB6DC3D}.RelWithDebInfo|Win32.Build.0 = RelWithDebInfo|Win32
		{8D55FF44-36DE-4FEC-B298-ED7982917A99}.Debug|Win32.ActiveCfg = Debug|Win32
		{8D55FF44-36DE-4FEC-B298-ED7982917A99}.Debug|Win32.Build.0 = Debug|Win32
		{8D55FF44-36DE-4FEC-B298-ED7982917A99}.Release|Win32.ActiveCfg = Release|Win32
		{8D55FF44-36DE-4FEC-B298-ED7982917A99}.Release|Win32.Build.0 = Release|Win32
		{8D55FF44-36DE-4FEC-B298-ED7982917A99}.MinSizeRel|Win32.ActiveCfg = MinSizeRel|Win32
		{8D55FF44-36DE-4FEC-B298-ED7982917A99}.MinSizeRel|Win32.Build.0 = MinSizeRel|Win32
		{8D55FF44-36DE-4FEC-B298-ED7982917A99}.RelWithDebInfo|Win32.ActiveCfg = RelWithDebInfo|Win32
		{8D55FF44-36DE-4FEC-B298-ED7982917A99}.RelWithDebInfo|Win32.Build.0 = RelWithDebInfo|Win32
		{1149C2DF-175A-4FC5-9FEE-80E159D45706}.Debug|Win32.ActiveCfg = Debug|Win32
		{1149C2DF-175A-4FC5-9FEE-80E159D45706}.Debug|Win32.Build.0 = Debug|Win32
		{1149C2DF-175A-4FC5-9FEE-80E159D45706}.Release|Win32.ActiveCfg = Release|Win32
		{1149C2DF-175A-4FC5-9FEE-80E159D45706}.Release|Win32.Build.0 = Release|Win32
		{1149C2DF-175A-4FC5-9FEE-80E159D45706}.MinSizeRel|Win32.ActiveCfg = MinSizeRel|Win32
		{1149C2DF-175A-4FC5-9FEE-80E159D45706}.MinSizeRel|Win32.Build.0 = MinSizeRel|Win32
		{1149C2DF-175A-4FC5-9FEE-80E159D45706}.RelWithDebInfo|Win32.ActiveCfg = RelWithDebInfo|Win32
		{1149C2DF-175A-4FC5-9FEE-80E159D45706}.RelWithDebInfo|Win32.Build.0 = RelWithDebInfo|Win32
	EndGlobalSection
	GlobalSection(ExtensibilityGlobals) = postSolution
	EndGlobalSection
	GlobalSection(ExtensibilityAddIns) = postSolution
	EndGlobalSection
EndGlobal
